{
  "projects": [
    {
      "projectId": "ohDidvG9XsCeFumugENU3J",
      "version": "6.24.0",
      "dependencies": {},
      "lang": "ts",
      "fileLocks": [
        {
          "assetId": "ohDidvG9XsCeFumugENU3J",
          "type": "projectCss",
          "checksum": "fd83b730367fdbde2c69bc6cf31c2a3c"
        },
        {
          "assetId": "ohDidvG9XsCeFumugENU3J",
          "checksum": "de0a0e65174a6a185a8f822af51c6bdd",
          "type": "globalContexts"
        }
      ],
      "codegenVersion": "0.0.1"
    },
    {
      "projectId": "gdjqBPp3rBxisJtcXyaXy6",
      "version": "latest",
      "dependencies": {
        "ohDidvG9XsCeFumugENU3J": "6.24.0"
      },
      "lang": "ts",
      "fileLocks": [
        {
          "type": "globalVariant",
          "assetId": "_yT8LD_9eVxF",
          "checksum": "dccd2ed0fa6cb311677831dd981cf47b"
        },
        {
          "assetId": "gdjqBPp3rBxisJtcXyaXy6",
          "type": "projectCss",
          "checksum": "ed1d276f5a653d92465620ea7e0d7570"
        },
        {
          "assetId": "gdjqBPp3rBxisJtcXyaXy6",
          "checksum": "0afa736eb822b71698db1e60d55744cd",
          "type": "globalContexts"
        },
        {
          "type": "renderModule",
          "assetId": "ZZ8fVViWJw3h",
          "checksum": "c4f94fdfb8b51328f91b033010027ecf"
        },
        {
          "type": "cssRules",
          "assetId": "ZZ8fVViWJw3h",
          "checksum": "c4f94fdfb8b51328f91b033010027ecf"
        }
      ],
      "codegenVersion": "0.0.1"
    }
  ],
  "cliVersion": "0.1.330"
}
